{
    "_meta": {
        "hash": {
            "sha256": "e02e0f74e3dd94a1e875f8481097d630de63dc3a4f8c46d77be49a896e9c1660"
        },
        "pipfile-spec": 6,
        "requires": {
            "python_version": "3.8"
        },
        "sources": [
            {
                "name": "pypi",
                "url": "https://pypi.org/simple",
                "verify_ssl": true
            }
        ]
    },
    "default": {
        "click": {
            "hashes": [
                "sha256:8c04c11192119b1ef78ea049e0a6f0463e4c48ef00a30160c704337586f3ad7a",
                "sha256:fba402a4a47334742d782209a7c79bc448911afe1149d07bdabdf480b3e2f4b6"
            ],
            "index": "pypi",
            "version": "==8.0.1"
        },
        "mnemonic": {
            "hashes": [
                "sha256:7c6fb5639d779388027a77944680aee4870f0fcd09b1e42a5525ee2ce4c625f6",
                "sha256:acd2168872d0379e7a10873bb3e12bf6c91b35de758135c4fbd1015ef18fafc5"
            ],
            "index": "pypi",
            "version": "==0.20"
        },
        "shamir": {
            "editable": true,
            "path": "."
        }
    },
    "develop": {}
}
